
Microsoft Visual Studio Solution File, Format Version 12.00
# Visual Studio 15
VisualStudioVersion = 15.0.26730.12
MinimumVisualStudioVersion = 10.0.40219.1
Project("{FAE04EC0-301F-11D3-BF4B-00C04F79EFBC}") = "ProteinTrackerClient", "ProteinTrackerClient\ProteinTrackerClient.csproj", "{C2E66BC6-0B30-4FBA-A11F-109C92BFF653}"
EndProject
Global
	GlobalSection(SolutionConfigurationPlatforms) = preSolution
		Debug|Any CPU = Debug|Any CPU
		Release|Any CPU = Release|Any CPU
	EndGlobalSection
	GlobalSection(ProjectConfigurationPlatforms) = postSolution
		{C2E66BC6-0B30-4FBA-A11F-109C92BFF653}.Debug|Any CPU.ActiveCfg = Debug|Any CPU
		{C2E66BC6-0B30-4FBA-A11F-109C92BFF653}.Debug|Any CPU.Build.0 = Debug|Any CPU
		{C2E66BC6-0B30-4FBA-A11F-109C92BFF653}.Release|Any CPU.ActiveCfg = Release|Any CPU
		{C2E66BC6-0B30-4FBA-A11F-109C92BFF653}.Release|Any CPU.Build.0 = Release|Any CPU
	EndGlobalSection
	GlobalSection(SolutionProperties) = preSolution
		HideSolutionNode = FALSE
	EndGlobalSection
	GlobalSection(ExtensibilityGlobals) = postSolution
		SolutionGuid = {B164296C-5A83-46F9-936E-122B7408F0EF}
	EndGlobalSection
EndGlobal
